
Microsoft Visual Studio Solution File, Format Version 12.00
# Visual Studio 15
VisualStudioVersion = 15.0.27004.2005
MinimumVisualStudioVersion = 10.0.40219.1
Project("{FAE04EC0-301F-11D3-BF4B-00C04F79EFBC}") = "PruebaBizagi", "PruebaBizagi\PruebaBizagi.csproj", "{5B47C094-0A9C-4B5B-8DDA-7F617EAEE476}"
EndProject
Project("{FAE04EC0-301F-11D3-BF4B-00C04F79EFBC}") = "PruebaBizagi.BLL", "PruebaBizagi.BLL\PruebaBizagi.BLL.csproj", "{CC0A325A-EC61-429F-A1D3-20ED1EBFFC64}"
EndProject
Global
	GlobalSection(SolutionConfigurationPlatforms) = preSolution
		Debug|Any CPU = Debug|Any CPU
		Release|Any CPU = Release|Any CPU
	EndGlobalSection
	GlobalSection(ProjectConfigurationPlatforms) = postSolution
		{5B47C094-0A9C-4B5B-8DDA-7F617EAEE476}.Debug|Any CPU.ActiveCfg = Debug|Any CPU
		{5B47C094-0A9C-4B5B-8DDA-7F617EAEE476}.Debug|Any CPU.Build.0 = Debug|Any CPU
		{5B47C094-0A9C-4B5B-8DDA-7F617EAEE476}.Release|Any CPU.ActiveCfg = Release|Any CPU
		{5B47C094-0A9C-4B5B-8DDA-7F617EAEE476}.Release|Any CPU.Build.0 = Release|Any CPU
		{CC0A325A-EC61-429F-A1D3-20ED1EBFFC64}.Debug|Any CPU.ActiveCfg = Debug|Any CPU
		{CC0A325A-EC61-429F-A1D3-20ED1EBFFC64}.Debug|Any CPU.Build.0 = Debug|Any CPU
		{CC0A325A-EC61-429F-A1D3-20ED1EBFFC64}.Release|Any CPU.ActiveCfg = Release|Any CPU
		{CC0A325A-EC61-429F-A1D3-20ED1EBFFC64}.Release|Any CPU.Build.0 = Release|Any CPU
	EndGlobalSection
	GlobalSection(SolutionProperties) = preSolution
		HideSolutionNode = FALSE
	EndGlobalSection
	GlobalSection(ExtensibilityGlobals) = postSolution
		SolutionGuid = {349EDFE9-D2F2-4202-922F-F8E783A38719}
	EndGlobalSection
EndGlobal
